// !$*UTF8*$!
{
	archiveVersion = 1;
	classes = {
	};
	objectVersion = 48;
	objects = {

/* Begin PBXBuildFile section */
		B208E2641CEF3BEB0053F137 /* AppDelegate.swift in Sources */ = {isa = PBXBuildFile; fileRef = B208E2631CEF3BEB0053F137 /* AppDelegate.swift */; };
		B208E2691CEF3BEB0053F137 /* Main.storyboard in Resources */ = {isa = PBXBuildFile; fileRef = B208E2671CEF3BEB0053F137 /* Main.storyboard */; };
		B208E26B1CEF3BEB0053F137 /* Assets.xcassets in Resources */ = {isa = PBXBuildFile; fileRef = B208E26A1CEF3BEB0053F137 /* Assets.xcassets */; };
		B208E26E1CEF3BEB0053F137 /* LaunchScreen.storyboard in Resources */ = {isa = PBXBuildFile; fileRef = B208E26C1CEF3BEB0053F137 /* LaunchScreen.storyboard */; };
		B2092DB51D24F13200479F14 /* LicenseAgreementCell.swift in Sources */ = {isa = PBXBuildFile; fileRef = B2092DB31D24F13200479F14 /* LicenseAgreementCell.swift */; };
		B2092DB61D24F13200479F14 /* LicenseAgreementViewController.swift in Sources */ = {isa = PBXBuildFile; fileRef = B2092DB41D24F13200479F14 /* LicenseAgreementViewController.swift */; };
		B20B9DE61CF71062003E12AD /* BaseSettingsViewController.swift in Sources */ = {isa = PBXBuildFile; fileRef = B20B9DE01CF71062003E12AD /* BaseSettingsViewController.swift */; };
		B20B9DE81CF71062003E12AD /* BarcodeCaptureViewController.swift in Sources */ = {isa = PBXBuildFile; fileRef = B20B9DE21CF71062003E12AD /* BarcodeCaptureViewController.swift */; };
		B20B9DE91CF71062003E12AD /* CommonViewController.swift in Sources */ = {isa = PBXBuildFile; fileRef = B20B9DE31CF71062003E12AD /* CommonViewController.swift */; };
		B20B9DEA1CF71062003E12AD /* HomeViewController.swift in Sources */ = {isa = PBXBuildFile; fileRef = B20B9DE41CF71062003E12AD /* HomeViewController.swift */; };
		B20B9DED1CF7107D003E12AD /* Settings.swift in Sources */ = {isa = PBXBuildFile; fileRef = B20B9DEC1CF7107D003E12AD /* Settings.swift */; };
		B20B9DEF1CF71102003E12AD /* SettingsTableViewController.swift in Sources */ = {isa = PBXBuildFile; fileRef = B20B9DEE1CF71102003E12AD /* SettingsTableViewController.swift */; };
		B20B9DF11CF83DED003E12AD /* AboutViewController.swift in Sources */ = {isa = PBXBuildFile; fileRef = B20B9DF01CF83DED003E12AD /* AboutViewController.swift */; };
		B20B9DF71CF870A3003E12AD /* BarcodeTypes.swift in Sources */ = {isa = PBXBuildFile; fileRef = B20B9DF61CF870A3003E12AD /* BarcodeTypes.swift */; };
		B20B9DFB1CF87275003E12AD /* BarcodesSettingsViewController.swift in Sources */ = {isa = PBXBuildFile; fileRef = B20B9DFA1CF87275003E12AD /* BarcodesSettingsViewController.swift */; };
		B27BD43F1D38B35C00943531 /* eula.rtf in Resources */ = {isa = PBXBuildFile; fileRef = B27BD43E1D38B35C00943531 /* eula.rtf */; };
		B280628F1D20FBE5009DD03D /* MobileSDK.framework in Frameworks */ = {isa = PBXBuildFile; fileRef = B280628C1D20FBE5009DD03D /* MobileSDK.framework */; };
		B29531941D2A817100429143 /* BarcodeInfoCell.swift in Sources */ = {isa = PBXBuildFile; fileRef = B29531931D2A817100429143 /* BarcodeInfoCell.swift */; };
		B2CCCE391CFC286C00C1DB59 /* bluecircle.png in Resources */ = {isa = PBXBuildFile; fileRef = B2CCCE2C1CFC286C00C1DB59 /* bluecircle.png */; };
		B2CCCE3A1CFC286C00C1DB59 /* bluecircle@2x.png in Resources */ = {isa = PBXBuildFile; fileRef = B2CCCE2D1CFC286C00C1DB59 /* bluecircle@2x.png */; };
		B2CCCE3B1CFC286C00C1DB59 /* camera_button_normal.png in Resources */ = {isa = PBXBuildFile; fileRef = B2CCCE2E1CFC286C00C1DB59 /* camera_button_normal.png */; };
		B2CCCE3C1CFC286C00C1DB59 /* camera@2x.png in Resources */ = {isa = PBXBuildFile; fileRef = B2CCCE2F1CFC286C00C1DB59 /* camera@2x.png */; };
		B2CCCE3D1CFC286C00C1DB59 /* close@2x.png in Resources */ = {isa = PBXBuildFile; fileRef = B2CCCE301CFC286C00C1DB59 /* close@2x.png */; };
		B2CCCE3E1CFC286C00C1DB59 /* email.png in Resources */ = {isa = PBXBuildFile; fileRef = B2CCCE311CFC286C00C1DB59 /* email.png */; };
		B2CCCE3F1CFC286C00C1DB59 /* email@2x.png in Resources */ = {isa = PBXBuildFile; fileRef = B2CCCE321CFC286C00C1DB59 /* email@2x.png */; };
		B2CCCE401CFC286C00C1DB59 /* gallery@2x.png in Resources */ = {isa = PBXBuildFile; fileRef = B2CCCE331CFC286C00C1DB59 /* gallery@2x.png */; };
		B2CCCE411CFC286C00C1DB59 /* logo.png in Resources */ = {isa = PBXBuildFile; fileRef = B2CCCE341CFC286C00C1DB59 /* logo.png */; };
		B2CCCE421CFC286C00C1DB59 /* settings_icon.png in Resources */ = {isa = PBXBuildFile; fileRef = B2CCCE351CFC286C00C1DB59 /* settings_icon.png */; };
		B2CCCE431CFC286C00C1DB59 /* settings_icon@2x.png in Resources */ = {isa = PBXBuildFile; fileRef = B2CCCE361CFC286C00C1DB59 /* settings_icon@2x.png */; };
		B2CCCE441CFC286C00C1DB59 /* torch_off@2x.png in Resources */ = {isa = PBXBuildFile; fileRef = B2CCCE371CFC286C00C1DB59 /* torch_off@2x.png */; };
		B2CCCE451CFC286C00C1DB59 /* torchon@2x.png in Resources */ = {isa = PBXBuildFile; fileRef = B2CCCE381CFC286C00C1DB59 /* torchon@2x.png */; };
		B2CCCE491CFC4CD900C1DB59 /* beep-29.wav in Resources */ = {isa = PBXBuildFile; fileRef = B2CCCE481CFC4CD900C1DB59 /* beep-29.wav */; };
		B2D3BC442052EE1A00184665 /* libsqlite3.0.tbd in Frameworks */ = {isa = PBXBuildFile; fileRef = B2D3BC432052EE1A00184665 /* libsqlite3.0.tbd */; };
		B2D3BECC1CEF3E4F00C439C6 /* AssetsLibrary.framework in Frameworks */ = {isa = PBXBuildFile; fileRef = B2D3BEB71CEF3E4F00C439C6 /* AssetsLibrary.framework */; };
		B2D3BECD1CEF3E4F00C439C6 /* AudioToolbox.framework in Frameworks */ = {isa = PBXBuildFile; fileRef = B2D3BEB81CEF3E4F00C439C6 /* AudioToolbox.framework */; };
		B2D3BECE1CEF3E4F00C439C6 /* MobileCoreServices.framework in Frameworks */ = {isa = PBXBuildFile; fileRef = B2D3BEB91CEF3E4F00C439C6 /* MobileCoreServices.framework */; };
		B2D3BECF1CEF3E4F00C439C6 /* OpenGLES.framework in Frameworks */ = {isa = PBXBuildFile; fileRef = B2D3BEBA1CEF3E4F00C439C6 /* OpenGLES.framework */; };
		B2D3BED01CEF3E4F00C439C6 /* Security.framework in Frameworks */ = {isa = PBXBuildFile; fileRef = B2D3BEBB1CEF3E4F00C439C6 /* Security.framework */; };
		B2D3BED11CEF3E4F00C439C6 /* UIKit.framework in Frameworks */ = {isa = PBXBuildFile; fileRef = B2D3BEBC1CEF3E4F00C439C6 /* UIKit.framework */; };
		B2D3BED21CEF3E4F00C439C6 /* CoreGraphics.framework in Frameworks */ = {isa = PBXBuildFile; fileRef = B2D3BEBD1CEF3E4F00C439C6 /* CoreGraphics.framework */; };
		B2D3BED31CEF3E4F00C439C6 /* CoreLocation.framework in Frameworks */ = {isa = PBXBuildFile; fileRef = B2D3BEBE1CEF3E4F00C439C6 /* CoreLocation.framework */; };
		B2D3BED41CEF3E4F00C439C6 /* CoreMedia.framework in Frameworks */ = {isa = PBXBuildFile; fileRef = B2D3BEBF1CEF3E4F00C439C6 /* CoreMedia.framework */; };
		B2D3BED51CEF3E4F00C439C6 /* CoreMotion.framework in Frameworks */ = {isa = PBXBuildFile; fileRef = B2D3BEC01CEF3E4F00C439C6 /* CoreMotion.framework */; };
		B2D3BED61CEF3E4F00C439C6 /* CoreVideo.framework in Frameworks */ = {isa = PBXBuildFile; fileRef = B2D3BEC11CEF3E4F00C439C6 /* CoreVideo.framework */; };
		B2D3BED71CEF3E4F00C439C6 /* Foundation.framework in Frameworks */ = {isa = PBXBuildFile; fileRef = B2D3BEC21CEF3E4F00C439C6 /* Foundation.framework */; };
		B2D3BED81CEF3E4F00C439C6 /* libc++.tbd in Frameworks */ = {isa = PBXBuildFile; fileRef = B2D3BEC31CEF3E4F00C439C6 /* libc++.tbd */; };
		B2D3BED91CEF3E4F00C439C6 /* libxml2.tbd in Frameworks */ = {isa = PBXBuildFile; fileRef = B2D3BEC41CEF3E4F00C439C6 /* libxml2.tbd */; };
		B2D3BEDA1CEF3E4F00C439C6 /* libz.tbd in Frameworks */ = {isa = PBXBuildFile; fileRef = B2D3BEC51CEF3E4F00C439C6 /* libz.tbd */; };
		B2D3BEDB1CEF3E4F00C439C6 /* SystemConfiguration.framework in Frameworks */ = {isa = PBXBuildFile; fileRef = B2D3BEC61CEF3E4F00C439C6 /* SystemConfiguration.framework */; };
		B2D3BEDC1CEF3E4F00C439C6 /* AVFoundation.framework in Frameworks */ = {isa = PBXBuildFile; fileRef = B2D3BEC71CEF3E4F00C439C6 /* AVFoundation.framework */; };
		B2D3BEDD1CEF3E4F00C439C6 /* QuartzCore.framework in Frameworks */ = {isa = PBXBuildFile; fileRef = B2D3BEC81CEF3E4F00C439C6 /* QuartzCore.framework */; };
		B2D3BEED1CEF495D00C439C6 /* PreviewBarcodeViewController.swift in Sources */ = {isa = PBXBuildFile; fileRef = B2D3BEEC1CEF495D00C439C6 /* PreviewBarcodeViewController.swift */; };
		B2E5144B1D2148E800D17BAE /* AboutCell.swift in Sources */ = {isa = PBXBuildFile; fileRef = B2E5144A1D2148E800D17BAE /* AboutCell.swift */; };
/* End PBXBuildFile section */

/* Begin PBXFileReference section */
		B208E2601CEF3BEB0053F137 /* Mobile Barcode Demo.app */ = {isa = PBXFileReference; explicitFileType = wrapper.application; includeInIndex = 0; path = "Mobile Barcode Demo.app"; sourceTree = BUILT_PRODUCTS_DIR; };
		B208E2631CEF3BEB0053F137 /* AppDelegate.swift */ = {isa = PBXFileReference; lastKnownFileType = sourcecode.swift; path = AppDelegate.swift; sourceTree = "<group>"; };
		B208E2681CEF3BEB0053F137 /* Base */ = {isa = PBXFileReference; lastKnownFileType = file.storyboard; name = Base; path = Base.lproj/Main.storyboard; sourceTree = "<group>"; };
		B208E26A1CEF3BEB0053F137 /* Assets.xcassets */ = {isa = PBXFileReference; lastKnownFileType = folder.assetcatalog; path = Assets.xcassets; sourceTree = "<group>"; };
		B208E26D1CEF3BEB0053F137 /* Base */ = {isa = PBXFileReference; lastKnownFileType = file.storyboard; name = Base; path = Base.lproj/LaunchScreen.storyboard; sourceTree = "<group>"; };
		B208E26F1CEF3BEB0053F137 /* Info.plist */ = {isa = PBXFileReference; lastKnownFileType = text.plist.xml; path = Info.plist; sourceTree = "<group>"; };
		B2092DB31D24F13200479F14 /* LicenseAgreementCell.swift */ = {isa = PBXFileReference; fileEncoding = 4; lastKnownFileType = sourcecode.swift; path = LicenseAgreementCell.swift; sourceTree = "<group>"; };
		B2092DB41D24F13200479F14 /* LicenseAgreementViewController.swift */ = {isa = PBXFileReference; fileEncoding = 4; lastKnownFileType = sourcecode.swift; path = LicenseAgreementViewController.swift; sourceTree = "<group>"; };
		B20B9DE01CF71062003E12AD /* BaseSettingsViewController.swift */ = {isa = PBXFileReference; fileEncoding = 4; lastKnownFileType = sourcecode.swift; path = BaseSettingsViewController.swift; sourceTree = "<group>"; };
		B20B9DE21CF71062003E12AD /* BarcodeCaptureViewController.swift */ = {isa = PBXFileReference; fileEncoding = 4; lastKnownFileType = sourcecode.swift; path = BarcodeCaptureViewController.swift; sourceTree = "<group>"; };
		B20B9DE31CF71062003E12AD /* CommonViewController.swift */ = {isa = PBXFileReference; fileEncoding = 4; lastKnownFileType = sourcecode.swift; path = CommonViewController.swift; sourceTree = "<group>"; };
		B20B9DE41CF71062003E12AD /* HomeViewController.swift */ = {isa = PBXFileReference; fileEncoding = 4; lastKnownFileType = sourcecode.swift; path = HomeViewController.swift; sourceTree = "<group>"; };
		B20B9DEC1CF7107D003E12AD /* Settings.swift */ = {isa = PBXFileReference; fileEncoding = 4; lastKnownFileType = sourcecode.swift; path = Settings.swift; sourceTree = "<group>"; };
		B20B9DEE1CF71102003E12AD /* SettingsTableViewController.swift */ = {isa = PBXFileReference; fileEncoding = 4; lastKnownFileType = sourcecode.swift; path = SettingsTableViewController.swift; sourceTree = "<group>"; };
		B20B9DF01CF83DED003E12AD /* AboutViewController.swift */ = {isa = PBXFileReference; fileEncoding = 4; lastKnownFileType = sourcecode.swift; path = AboutViewController.swift; sourceTree = "<group>"; };
		B20B9DF61CF870A3003E12AD /* BarcodeTypes.swift */ = {isa = PBXFileReference; fileEncoding = 4; lastKnownFileType = sourcecode.swift; path = BarcodeTypes.swift; sourceTree = "<group>"; };
		B20B9DFA1CF87275003E12AD /* BarcodesSettingsViewController.swift */ = {isa = PBXFileReference; fileEncoding = 4; lastKnownFileType = sourcecode.swift; path = BarcodesSettingsViewController.swift; sourceTree = "<group>"; };
		B27BD43E1D38B35C00943531 /* eula.rtf */ = {isa = PBXFileReference; fileEncoding = 4; lastKnownFileType = text.rtf; path = eula.rtf; sourceTree = "<group>"; };
		B280628C1D20FBE5009DD03D /* MobileSDK.framework */ = {isa = PBXFileReference; lastKnownFileType = wrapper.framework; name = MobileSDK.framework; path = ../../MobileSDK/MobileSDK.framework; sourceTree = "<group>"; };
		B280628D1D20FBE5009DD03D /* SDKStrings.bundle */ = {isa = PBXFileReference; lastKnownFileType = "wrapper.plug-in"; name = SDKStrings.bundle; path = ../../MobileSDK/SDKStrings.bundle; sourceTree = "<group>"; };
		B280628E1D20FBE5009DD03D /* uiimages.bundle */ = {isa = PBXFileReference; lastKnownFileType = "wrapper.plug-in"; name = uiimages.bundle; path = ../../MobileSDK/uiimages.bundle; sourceTree = "<group>"; };
		B29531931D2A817100429143 /* BarcodeInfoCell.swift */ = {isa = PBXFileReference; fileEncoding = 4; lastKnownFileType = sourcecode.swift; path = BarcodeInfoCell.swift; sourceTree = "<group>"; };
		B2CCCE2C1CFC286C00C1DB59 /* bluecircle.png */ = {isa = PBXFileReference; lastKnownFileType = image.png; name = bluecircle.png; path = Resources/Images/bluecircle.png; sourceTree = "<group>"; };
		B2CCCE2D1CFC286C00C1DB59 /* bluecircle@2x.png */ = {isa = PBXFileReference; lastKnownFileType = image.png; name = "bluecircle@2x.png"; path = "Resources/Images/bluecircle@2x.png"; sourceTree = "<group>"; };
		B2CCCE2E1CFC286C00C1DB59 /* camera_button_normal.png */ = {isa = PBXFileReference; lastKnownFileType = image.png; name = camera_button_normal.png; path = Resources/Images/camera_button_normal.png; sourceTree = "<group>"; };
		B2CCCE2F1CFC286C00C1DB59 /* camera@2x.png */ = {isa = PBXFileReference; lastKnownFileType = image.png; name = "camera@2x.png"; path = "Resources/Images/camera@2x.png"; sourceTree = "<group>"; };
		B2CCCE301CFC286C00C1DB59 /* close@2x.png */ = {isa = PBXFileReference; lastKnownFileType = image.png; name = "close@2x.png"; path = "Resources/Images/close@2x.png"; sourceTree = "<group>"; };
		B2CCCE311CFC286C00C1DB59 /* email.png */ = {isa = PBXFileReference; lastKnownFileType = image.png; name = email.png; path = Resources/Images/email.png; sourceTree = "<group>"; };
		B2CCCE321CFC286C00C1DB59 /* email@2x.png */ = {isa = PBXFileReference; lastKnownFileType = image.png; name = "email@2x.png"; path = "Resources/Images/email@2x.png"; sourceTree = "<group>"; };
		B2CCCE331CFC286C00C1DB59 /* gallery@2x.png */ = {isa = PBXFileReference; lastKnownFileType = image.png; name = "gallery@2x.png"; path = "Resources/Images/gallery@2x.png"; sourceTree = "<group>"; };
		B2CCCE341CFC286C00C1DB59 /* logo.png */ = {isa = PBXFileReference; lastKnownFileType = image.png; name = logo.png; path = Resources/Images/logo.png; sourceTree = "<group>"; };
		B2CCCE351CFC286C00C1DB59 /* settings_icon.png */ = {isa = PBXFileReference; lastKnownFileType = image.png; name = settings_icon.png; path = Resources/Images/settings_icon.png; sourceTree = "<group>"; };
		B2CCCE361CFC286C00C1DB59 /* settings_icon@2x.png */ = {isa = PBXFileReference; lastKnownFileType = image.png; name = "settings_icon@2x.png"; path = "Resources/Images/settings_icon@2x.png"; sourceTree = "<group>"; };
		B2CCCE371CFC286C00C1DB59 /* torch_off@2x.png */ = {isa = PBXFileReference; lastKnownFileType = image.png; name = "torch_off@2x.png"; path = "Resources/Images/torch_off@2x.png"; sourceTree = "<group>"; };
		B2CCCE381CFC286C00C1DB59 /* torchon@2x.png */ = {isa = PBXFileReference; lastKnownFileType = image.png; name = "torchon@2x.png"; path = "Resources/Images/torchon@2x.png"; sourceTree = "<group>"; };
		B2CCCE481CFC4CD900C1DB59 /* beep-29.wav */ = {isa = PBXFileReference; lastKnownFileType = audio.wav; path = "beep-29.wav"; sourceTree = "<group>"; };
		B2D3BC432052EE1A00184665 /* libsqlite3.0.tbd */ = {isa = PBXFileReference; lastKnownFileType = "sourcecode.text-based-dylib-definition"; name = libsqlite3.0.tbd; path = usr/lib/libsqlite3.0.tbd; sourceTree = SDKROOT; };
		B2D3BEB71CEF3E4F00C439C6 /* AssetsLibrary.framework */ = {isa = PBXFileReference; lastKnownFileType = wrapper.framework; name = AssetsLibrary.framework; path = System/Library/Frameworks/AssetsLibrary.framework; sourceTree = SDKROOT; };
		B2D3BEB81CEF3E4F00C439C6 /* AudioToolbox.framework */ = {isa = PBXFileReference; lastKnownFileType = wrapper.framework; name = AudioToolbox.framework; path = System/Library/Frameworks/AudioToolbox.framework; sourceTree = SDKROOT; };
		B2D3BEB91CEF3E4F00C439C6 /* MobileCoreServices.framework */ = {isa = PBXFileReference; lastKnownFileType = wrapper.framework; name = MobileCoreServices.framework; path = System/Library/Frameworks/MobileCoreServices.framework; sourceTree = SDKROOT; };
		B2D3BEBA1CEF3E4F00C439C6 /* OpenGLES.framework */ = {isa = PBXFileReference; lastKnownFileType = wrapper.framework; name = OpenGLES.framework; path = System/Library/Frameworks/OpenGLES.framework; sourceTree = SDKROOT; };
		B2D3BEBB1CEF3E4F00C439C6 /* Security.framework */ = {isa = PBXFileReference; lastKnownFileType = wrapper.framework; name = Security.framework; path = System/Library/Frameworks/Security.framework; sourceTree = SDKROOT; };
		B2D3BEBC1CEF3E4F00C439C6 /* UIKit.framework */ = {isa = PBXFileReference; lastKnownFileType = wrapper.framework; name = UIKit.framework; path = System/Library/Frameworks/UIKit.framework; sourceTree = SDKROOT; };
		B2D3BEBD1CEF3E4F00C439C6 /* CoreGraphics.framework */ = {isa = PBXFileReference; lastKnownFileType = wrapper.framework; name = CoreGraphics.framework; path = System/Library/Frameworks/CoreGraphics.framework; sourceTree = SDKROOT; };
		B2D3BEBE1CEF3E4F00C439C6 /* CoreLocation.framework */ = {isa = PBXFileReference; lastKnownFileType = wrapper.framework; name = CoreLocation.framework; path = System/Library/Frameworks/CoreLocation.framework; sourceTree = SDKROOT; };
		B2D3BEBF1CEF3E4F00C439C6 /* CoreMedia.framework */ = {isa = PBXFileReference; lastKnownFileType = wrapper.framework; name = CoreMedia.framework; path = System/Library/Frameworks/CoreMedia.framework; sourceTree = SDKROOT; };
		B2D3BEC01CEF3E4F00C439C6 /* CoreMotion.framework */ = {isa = PBXFileReference; lastKnownFileType = wrapper.framework; name = CoreMotion.framework; path = System/Library/Frameworks/CoreMotion.framework; sourceTree = SDKROOT; };
		B2D3BEC11CEF3E4F00C439C6 /* CoreVideo.framework */ = {isa = PBXFileReference; lastKnownFileType = wrapper.framework; name = CoreVideo.framework; path = System/Library/Frameworks/CoreVideo.framework; sourceTree = SDKROOT; };
		B2D3BEC21CEF3E4F00C439C6 /* Foundation.framework */ = {isa = PBXFileReference; lastKnownFileType = wrapper.framework; name = Foundation.framework; path = System/Library/Frameworks/Foundation.framework; sourceTree = SDKROOT; };
		B2D3BEC31CEF3E4F00C439C6 /* libc++.tbd */ = {isa = PBXFileReference; fileEncoding = 4; lastKnownFileType = "sourcecode.text-based-dylib-definition"; name = "libc++.tbd"; path = "usr/lib/libc++.tbd"; sourceTree = SDKROOT; };
		B2D3BEC41CEF3E4F00C439C6 /* libxml2.tbd */ = {isa = PBXFileReference; fileEncoding = 4; lastKnownFileType = "sourcecode.text-based-dylib-definition"; name = libxml2.tbd; path = usr/lib/libxml2.tbd; sourceTree = SDKROOT; };
		B2D3BEC51CEF3E4F00C439C6 /* libz.tbd */ = {isa = PBXFileReference; fileEncoding = 4; lastKnownFileType = "sourcecode.text-based-dylib-definition"; name = libz.tbd; path = usr/lib/libz.tbd; sourceTree = SDKROOT; };
		B2D3BEC61CEF3E4F00C439C6 /* SystemConfiguration.framework */ = {isa = PBXFileReference; lastKnownFileType = wrapper.framework; name = SystemConfiguration.framework; path = System/Library/Frameworks/SystemConfiguration.framework; sourceTree = SDKROOT; };
		B2D3BEC71CEF3E4F00C439C6 /* AVFoundation.framework */ = {isa = PBXFileReference; lastKnownFileType = wrapper.framework; name = AVFoundation.framework; path = System/Library/Frameworks/AVFoundation.framework; sourceTree = SDKROOT; };
		B2D3BEC81CEF3E4F00C439C6 /* QuartzCore.framework */ = {isa = PBXFileReference; lastKnownFileType = wrapper.framework; name = QuartzCore.framework; path = System/Library/Frameworks/QuartzCore.framework; sourceTree = SDKROOT; };
		B2D3BEE71CEF43DB00C439C6 /* Mobile-Barcode-Demo-Bridging-Header.h */ = {isa = PBXFileReference; lastKnownFileType = sourcecode.c.h; path = "Mobile-Barcode-Demo-Bridging-Header.h"; sourceTree = SOURCE_ROOT; };
		B2D3BEEC1CEF495D00C439C6 /* PreviewBarcodeViewController.swift */ = {isa = PBXFileReference; fileEncoding = 4; lastKnownFileType = sourcecode.swift; path = PreviewBarcodeViewController.swift; sourceTree = "<group>"; };
		B2E5144A1D2148E800D17BAE /* AboutCell.swift */ = {isa = PBXFileReference; fileEncoding = 4; lastKnownFileType = sourcecode.swift; path = AboutCell.swift; sourceTree = "<group>"; };
/* End PBXFileReference section */

/* Begin PBXFrameworksBuildPhase section */
		B208E25D1CEF3BEB0053F137 /* Frameworks */ = {
			isa = PBXFrameworksBuildPhase;
			buildActionMask = 2147483647;
			files = (
				B2D3BC442052EE1A00184665 /* libsqlite3.0.tbd in Frameworks */,
				B280628F1D20FBE5009DD03D /* MobileSDK.framework in Frameworks */,
				B2D3BECE1CEF3E4F00C439C6 /* MobileCoreServices.framework in Frameworks */,
				B2D3BED11CEF3E4F00C439C6 /* UIKit.framework in Frameworks */,
				B2D3BED01CEF3E4F00C439C6 /* Security.framework in Frameworks */,
				B2D3BED91CEF3E4F00C439C6 /* libxml2.tbd in Frameworks */,
				B2D3BEDA1CEF3E4F00C439C6 /* libz.tbd in Frameworks */,
				B2D3BED81CEF3E4F00C439C6 /* libc++.tbd in Frameworks */,
				B2D3BEDB1CEF3E4F00C439C6 /* SystemConfiguration.framework in Frameworks */,
				B2D3BED51CEF3E4F00C439C6 /* CoreMotion.framework in Frameworks */,
				B2D3BEDD1CEF3E4F00C439C6 /* QuartzCore.framework in Frameworks */,
				B2D3BED41CEF3E4F00C439C6 /* CoreMedia.framework in Frameworks */,
				B2D3BED21CEF3E4F00C439C6 /* CoreGraphics.framework in Frameworks */,
				B2D3BED31CEF3E4F00C439C6 /* CoreLocation.framework in Frameworks */,
				B2D3BEDC1CEF3E4F00C439C6 /* AVFoundation.framework in Frameworks */,
				B2D3BED71CEF3E4F00C439C6 /* Foundation.framework in Frameworks */,
				B2D3BECC1CEF3E4F00C439C6 /* AssetsLibrary.framework in Frameworks */,
				B2D3BECD1CEF3E4F00C439C6 /* AudioToolbox.framework in Frameworks */,
				B2D3BED61CEF3E4F00C439C6 /* CoreVideo.framework in Frameworks */,
				B2D3BECF1CEF3E4F00C439C6 /* OpenGLES.framework in Frameworks */,
			);
			runOnlyForDeploymentPostprocessing = 0;
		};
/* End PBXFrameworksBuildPhase section */

/* Begin PBXGroup section */
		B208E2571CEF3BEB0053F137 = {
			isa = PBXGroup;
			children = (
				B208E2621CEF3BEB0053F137 /* Mobile Barcode Demo */,
				B208E2611CEF3BEB0053F137 /* Products */,
				B2D3BEB61CEF3E4200C439C6 /* Frameworks */,
				B2D3BE9A1CEF3DFA00C439C6 /* Resources */,
			);
			sourceTree = "<group>";
		};
		B208E2611CEF3BEB0053F137 /* Products */ = {
			isa = PBXGroup;
			children = (
				B208E2601CEF3BEB0053F137 /* Mobile Barcode Demo.app */,
			);
			name = Products;
			sourceTree = "<group>";
		};
		B208E2621CEF3BEB0053F137 /* Mobile Barcode Demo */ = {
			isa = PBXGroup;
			children = (
				B2D3BE861CEF3CF000C439C6 /* Controllers */,
				B208E2631CEF3BEB0053F137 /* AppDelegate.swift */,
				B20B9DF61CF870A3003E12AD /* BarcodeTypes.swift */,
				B20B9DEC1CF7107D003E12AD /* Settings.swift */,
				B2D3BEE71CEF43DB00C439C6 /* Mobile-Barcode-Demo-Bridging-Header.h */,
				B208E2671CEF3BEB0053F137 /* Main.storyboard */,
				B208E26A1CEF3BEB0053F137 /* Assets.xcassets */,
				B208E26C1CEF3BEB0053F137 /* LaunchScreen.storyboard */,
				B27BD43E1D38B35C00943531 /* eula.rtf */,
				B208E26F1CEF3BEB0053F137 /* Info.plist */,
			);
			path = "Mobile Barcode Demo";
			sourceTree = "<group>";
		};
		B2D3BE861CEF3CF000C439C6 /* Controllers */ = {
			isa = PBXGroup;
			children = (
				B20B9DE01CF71062003E12AD /* BaseSettingsViewController.swift */,
				B20B9DEE1CF71102003E12AD /* SettingsTableViewController.swift */,
				B20B9DE21CF71062003E12AD /* BarcodeCaptureViewController.swift */,
				B20B9DE31CF71062003E12AD /* CommonViewController.swift */,
				B20B9DE41CF71062003E12AD /* HomeViewController.swift */,
				B2D3BEEC1CEF495D00C439C6 /* PreviewBarcodeViewController.swift */,
				B29531931D2A817100429143 /* BarcodeInfoCell.swift */,
				B20B9DF01CF83DED003E12AD /* AboutViewController.swift */,
				B2E5144A1D2148E800D17BAE /* AboutCell.swift */,
				B20B9DFA1CF87275003E12AD /* BarcodesSettingsViewController.swift */,
				B2092DB31D24F13200479F14 /* LicenseAgreementCell.swift */,
				B2092DB41D24F13200479F14 /* LicenseAgreementViewController.swift */,
			);
			name = Controllers;
			sourceTree = "<group>";
		};
		B2D3BE9A1CEF3DFA00C439C6 /* Resources */ = {
			isa = PBXGroup;
			children = (
				B2CCCE481CFC4CD900C1DB59 /* beep-29.wav */,
				B2D3BE9B1CEF3E0300C439C6 /* Images */,
			);
			name = Resources;
			path = "Mobile Barcode Demo";
			sourceTree = "<group>";
		};
		B2D3BE9B1CEF3E0300C439C6 /* Images */ = {
			isa = PBXGroup;
			children = (
				B2CCCE2C1CFC286C00C1DB59 /* bluecircle.png */,
				B2CCCE2D1CFC286C00C1DB59 /* bluecircle@2x.png */,
				B2CCCE2E1CFC286C00C1DB59 /* camera_button_normal.png */,
				B2CCCE2F1CFC286C00C1DB59 /* camera@2x.png */,
				B2CCCE301CFC286C00C1DB59 /* close@2x.png */,
				B2CCCE311CFC286C00C1DB59 /* email.png */,
				B2CCCE321CFC286C00C1DB59 /* email@2x.png */,
				B2CCCE331CFC286C00C1DB59 /* gallery@2x.png */,
				B2CCCE341CFC286C00C1DB59 /* logo.png */,
				B2CCCE351CFC286C00C1DB59 /* settings_icon.png */,
				B2CCCE361CFC286C00C1DB59 /* settings_icon@2x.png */,
				B2CCCE371CFC286C00C1DB59 /* torch_off@2x.png */,
				B2CCCE381CFC286C00C1DB59 /* torchon@2x.png */,
			);
			name = Images;
			sourceTree = "<group>";
		};
		B2D3BEB61CEF3E4200C439C6 /* Frameworks */ = {
			isa = PBXGroup;
			children = (
				B2D3BC432052EE1A00184665 /* libsqlite3.0.tbd */,
				B280628C1D20FBE5009DD03D /* MobileSDK.framework */,
				B280628D1D20FBE5009DD03D /* SDKStrings.bundle */,
				B280628E1D20FBE5009DD03D /* uiimages.bundle */,
				B2D3BEB71CEF3E4F00C439C6 /* AssetsLibrary.framework */,
				B2D3BEB81CEF3E4F00C439C6 /* AudioToolbox.framework */,
				B2D3BEB91CEF3E4F00C439C6 /* MobileCoreServices.framework */,
				B2D3BEBA1CEF3E4F00C439C6 /* OpenGLES.framework */,
				B2D3BEBB1CEF3E4F00C439C6 /* Security.framework */,
				B2D3BEBC1CEF3E4F00C439C6 /* UIKit.framework */,
				B2D3BEBD1CEF3E4F00C439C6 /* CoreGraphics.framework */,
				B2D3BEBE1CEF3E4F00C439C6 /* CoreLocation.framework */,
				B2D3BEBF1CEF3E4F00C439C6 /* CoreMedia.framework */,
				B2D3BEC01CEF3E4F00C439C6 /* CoreMotion.framework */,
				B2D3BEC11CEF3E4F00C439C6 /* CoreVideo.framework */,
				B2D3BEC21CEF3E4F00C439C6 /* Foundation.framework */,
				B2D3BEC31CEF3E4F00C439C6 /* libc++.tbd */,
				B2D3BEC41CEF3E4F00C439C6 /* libxml2.tbd */,
				B2D3BEC51CEF3E4F00C439C6 /* libz.tbd */,
				B2D3BEC61CEF3E4F00C439C6 /* SystemConfiguration.framework */,
				B2D3BEC71CEF3E4F00C439C6 /* AVFoundation.framework */,
				B2D3BEC81CEF3E4F00C439C6 /* QuartzCore.framework */,
			);
			name = Frameworks;
			path = "Mobile Barcode Demo";
			sourceTree = "<group>";
		};
/* End PBXGroup section */

/* Begin PBXNativeTarget section */
		B208E25F1CEF3BEB0053F137 /* Mobile Barcode Demo */ = {
			isa = PBXNativeTarget;
			buildConfigurationList = B208E2881CEF3BEB0053F137 /* Build configuration list for PBXNativeTarget "Mobile Barcode Demo" */;
			buildPhases = (
				B208E25C1CEF3BEB0053F137 /* Sources */,
				B208E25D1CEF3BEB0053F137 /* Frameworks */,
				B208E25E1CEF3BEB0053F137 /* Resources */,
			);
			buildRules = (
			);
			dependencies = (
			);
			name = "Mobile Barcode Demo";
			productName = "Mobile Barcode Demo";
			productReference = B208E2601CEF3BEB0053F137 /* Mobile Barcode Demo.app */;
			productType = "com.apple.product-type.application";
		};
/* End PBXNativeTarget section */

/* Begin PBXProject section */
		B208E2581CEF3BEB0053F137 /* Project object */ = {
			isa = PBXProject;
			attributes = {
				LastSwiftUpdateCheck = 0730;
				LastUpgradeCheck = 0920;
				ORGANIZATIONNAME = Atalasoft;
				TargetAttributes = {
					B208E25F1CEF3BEB0053F137 = {
						CreatedOnToolsVersion = 7.3.1;
						DevelopmentTeam = B9C7GRQCYQ;
					};
				};
			};
			buildConfigurationList = B208E25B1CEF3BEB0053F137 /* Build configuration list for PBXProject "Mobile Barcode Demo" */;
			compatibilityVersion = "Xcode 8.0";
			developmentRegion = English;
			hasScannedForEncodings = 0;
			knownRegions = (
				en,
				Base,
			);
			mainGroup = B208E2571CEF3BEB0053F137;
			productRefGroup = B208E2611CEF3BEB0053F137 /* Products */;
			projectDirPath = "";
			projectRoot = "";
			targets = (
				B208E25F1CEF3BEB0053F137 /* Mobile Barcode Demo */,
			);
		};
/* End PBXProject section */

/* Begin PBXResourcesBuildPhase section */
		B208E25E1CEF3BEB0053F137 /* Resources */ = {
			isa = PBXResourcesBuildPhase;
			buildActionMask = 2147483647;
			files = (
				B2CCCE431CFC286C00C1DB59 /* settings_icon@2x.png in Resources */,
				B27BD43F1D38B35C00943531 /* eula.rtf in Resources */,
				B2CCCE491CFC4CD900C1DB59 /* beep-29.wav in Resources */,
				B2CCCE411CFC286C00C1DB59 /* logo.png in Resources */,
				B2CCCE3D1CFC286C00C1DB59 /* close@2x.png in Resources */,
				B2CCCE451CFC286C00C1DB59 /* torchon@2x.png in Resources */,
				B208E26E1CEF3BEB0053F137 /* LaunchScreen.storyboard in Resources */,
				B2CCCE3B1CFC286C00C1DB59 /* camera_button_normal.png in Resources */,
				B2CCCE3F1CFC286C00C1DB59 /* email@2x.png in Resources */,
				B2CCCE391CFC286C00C1DB59 /* bluecircle.png in Resources */,
				B2CCCE441CFC286C00C1DB59 /* torch_off@2x.png in Resources */,
				B2CCCE3C1CFC286C00C1DB59 /* camera@2x.png in Resources */,
				B2CCCE3A1CFC286C00C1DB59 /* bluecircle@2x.png in Resources */,
				B2CCCE401CFC286C00C1DB59 /* gallery@2x.png in Resources */,
				B208E26B1CEF3BEB0053F137 /* Assets.xcassets in Resources */,
				B2CCCE421CFC286C00C1DB59 /* settings_icon.png in Resources */,
				B2CCCE3E1CFC286C00C1DB59 /* email.png in Resources */,
				B208E2691CEF3BEB0053F137 /* Main.storyboard in Resources */,
			);
			runOnlyForDeploymentPostprocessing = 0;
		};
/* End PBXResourcesBuildPhase section */

/* Begin PBXSourcesBuildPhase section */
		B208E25C1CEF3BEB0053F137 /* Sources */ = {
			isa = PBXSourcesBuildPhase;
			buildActionMask = 2147483647;
			files = (
				B2092DB51D24F13200479F14 /* LicenseAgreementCell.swift in Sources */,
				B20B9DE61CF71062003E12AD /* BaseSettingsViewController.swift in Sources */,
				B20B9DE81CF71062003E12AD /* BarcodeCaptureViewController.swift in Sources */,
				B2092DB61D24F13200479F14 /* LicenseAgreementViewController.swift in Sources */,
				B20B9DF11CF83DED003E12AD /* AboutViewController.swift in Sources */,
				B20B9DFB1CF87275003E12AD /* BarcodesSettingsViewController.swift in Sources */,
				B2D3BEED1CEF495D00C439C6 /* PreviewBarcodeViewController.swift in Sources */,
				B20B9DEA1CF71062003E12AD /* HomeViewController.swift in Sources */,
				B20B9DF71CF870A3003E12AD /* BarcodeTypes.swift in Sources */,
				B20B9DEF1CF71102003E12AD /* SettingsTableViewController.swift in Sources */,
				B20B9DED1CF7107D003E12AD /* Settings.swift in Sources */,
				B29531941D2A817100429143 /* BarcodeInfoCell.swift in Sources */,
				B20B9DE91CF71062003E12AD /* CommonViewController.swift in Sources */,
				B208E2641CEF3BEB0053F137 /* AppDelegate.swift in Sources */,
				B2E5144B1D2148E800D17BAE /* AboutCell.swift in Sources */,
			);
			runOnlyForDeploymentPostprocessing = 0;
		};
/* End PBXSourcesBuildPhase section */

/* Begin PBXVariantGroup section */
		B208E2671CEF3BEB0053F137 /* Main.storyboard */ = {
			isa = PBXVariantGroup;
			children = (
				B208E2681CEF3BEB0053F137 /* Base */,
			);
			name = Main.storyboard;
			sourceTree = "<group>";
		};
		B208E26C1CEF3BEB0053F137 /* LaunchScreen.storyboard */ = {
			isa = PBXVariantGroup;
			children = (
				B208E26D1CEF3BEB0053F137 /* Base */,
			);
			name = LaunchScreen.storyboard;
			sourceTree = "<group>";
		};
/* End PBXVariantGroup section */

/* Begin XCBuildConfiguration section */
		B208E2861CEF3BEB0053F137 /* Debug */ = {
			isa = XCBuildConfiguration;
			buildSettings = {
				ALWAYS_SEARCH_USER_PATHS = NO;
				CLANG_ANALYZER_NONNULL = YES;
				CLANG_CXX_LANGUAGE_STANDARD = "gnu++0x";
				CLANG_CXX_LIBRARY = "libc++";
				CLANG_ENABLE_MODULES = YES;
				CLANG_ENABLE_OBJC_ARC = YES;
				CLANG_WARN_BLOCK_CAPTURE_AUTORELEASING = YES;
				CLANG_WARN_BOOL_CONVERSION = YES;
				CLANG_WARN_COMMA = YES;
				CLANG_WARN_CONSTANT_CONVERSION = YES;
				CLANG_WARN_DIRECT_OBJC_ISA_USAGE = YES_ERROR;
				CLANG_WARN_EMPTY_BODY = YES;
				CLANG_WARN_ENUM_CONVERSION = YES;
				CLANG_WARN_INFINITE_RECURSION = YES;
				CLANG_WARN_INT_CONVERSION = YES;
				CLANG_WARN_NON_LITERAL_NULL_CONVERSION = YES;
				CLANG_WARN_OBJC_LITERAL_CONVERSION = YES;
				CLANG_WARN_OBJC_ROOT_CLASS = YES_ERROR;
				CLANG_WARN_RANGE_LOOP_ANALYSIS = YES;
				CLANG_WARN_STRICT_PROTOTYPES = YES;
				CLANG_WARN_SUSPICIOUS_MOVE = YES;
				CLANG_WARN_UNREACHABLE_CODE = YES;
				CLANG_WARN__DUPLICATE_METHOD_MATCH = YES;
				CODE_SIGN_IDENTITY = "iPhone Developer";
				"CODE_SIGN_IDENTITY[sdk=iphoneos*]" = "iPhone Developer";
				COPY_PHASE_STRIP = NO;
				DEBUG_INFORMATION_FORMAT = dwarf;
				ENABLE_STRICT_OBJC_MSGSEND = YES;
				ENABLE_TESTABILITY = YES;
				GCC_C_LANGUAGE_STANDARD = gnu99;
				GCC_DYNAMIC_NO_PIC = NO;
				GCC_NO_COMMON_BLOCKS = YES;
				GCC_OPTIMIZATION_LEVEL = 0;
				GCC_PREPROCESSOR_DEFINITIONS = (
					"DEBUG=1",
					"$(inherited)",
				);
				GCC_WARN_64_TO_32_BIT_CONVERSION = YES;
				GCC_WARN_ABOUT_RETURN_TYPE = YES_ERROR;
				GCC_WARN_UNDECLARED_SELECTOR = YES;
				GCC_WARN_UNINITIALIZED_AUTOS = YES_AGGRESSIVE;
				GCC_WARN_UNUSED_FUNCTION = YES;
				GCC_WARN_UNUSED_VARIABLE = YES;
				IPHONEOS_DEPLOYMENT_TARGET = 9.3;
				MTL_ENABLE_DEBUG_INFO = YES;
				ONLY_ACTIVE_ARCH = YES;
				PROVISIONING_PROFILE = "5b8c5cfc-5eb4-46af-9919-a160838d9512";
				SDKROOT = iphoneos;
				SWIFT_OPTIMIZATION_LEVEL = "-Onone";
			};
			name = Debug;
		};
		B208E2871CEF3BEB0053F137 /* Release */ = {
			isa = XCBuildConfiguration;
			buildSettings = {
				ALWAYS_SEARCH_USER_PATHS = NO;
				CLANG_ANALYZER_NONNULL = YES;
				CLANG_CXX_LANGUAGE_STANDARD = "gnu++0x";
				CLANG_CXX_LIBRARY = "libc++";
				CLANG_ENABLE_MODULES = YES;
				CLANG_ENABLE_OBJC_ARC = YES;
				CLANG_WARN_BLOCK_CAPTURE_AUTORELEASING = YES;
				CLANG_WARN_BOOL_CONVERSION = YES;
				CLANG_WARN_COMMA = YES;
				CLANG_WARN_CONSTANT_CONVERSION = YES;
				CLANG_WARN_DIRECT_OBJC_ISA_USAGE = YES_ERROR;
				CLANG_WARN_EMPTY_BODY = YES;
				CLANG_WARN_ENUM_CONVERSION = YES;
				CLANG_WARN_INFINITE_RECURSION = YES;
				CLANG_WARN_INT_CONVERSION = YES;
				CLANG_WARN_NON_LITERAL_NULL_CONVERSION = YES;
				CLANG_WARN_OBJC_LITERAL_CONVERSION = YES;
				CLANG_WARN_OBJC_ROOT_CLASS = YES_ERROR;
				CLANG_WARN_RANGE_LOOP_ANALYSIS = YES;
				CLANG_WARN_STRICT_PROTOTYPES = YES;
				CLANG_WARN_SUSPICIOUS_MOVE = YES;
				CLANG_WARN_UNREACHABLE_CODE = YES;
				CLANG_WARN__DUPLICATE_METHOD_MATCH = YES;
				CODE_SIGN_IDENTITY = "iPhone Developer";
				"CODE_SIGN_IDENTITY[sdk=iphoneos*]" = "iPhone Developer";
				COPY_PHASE_STRIP = NO;
				DEBUG_INFORMATION_FORMAT = "dwarf-with-dsym";
				ENABLE_NS_ASSERTIONS = NO;
				ENABLE_STRICT_OBJC_MSGSEND = YES;
				GCC_C_LANGUAGE_STANDARD = gnu99;
				GCC_NO_COMMON_BLOCKS = YES;
				GCC_WARN_64_TO_32_BIT_CONVERSION = YES;
				GCC_WARN_ABOUT_RETURN_TYPE = YES_ERROR;
				GCC_WARN_UNDECLARED_SELECTOR = YES;
				GCC_WARN_UNINITIALIZED_AUTOS = YES_AGGRESSIVE;
				GCC_WARN_UNUSED_FUNCTION = YES;
				GCC_WARN_UNUSED_VARIABLE = YES;
				IPHONEOS_DEPLOYMENT_TARGET = 9.3;
				MTL_ENABLE_DEBUG_INFO = NO;
				PROVISIONING_PROFILE = "5b8c5cfc-5eb4-46af-9919-a160838d9512";
				SDKROOT = iphoneos;
				SWIFT_OPTIMIZATION_LEVEL = "-Owholemodule";
				VALIDATE_PRODUCT = YES;
			};
			name = Release;
		};
		B208E2891CEF3BEB0053F137 /* Debug */ = {
			isa = XCBuildConfiguration;
			buildSettings = {
				ALWAYS_EMBED_SWIFT_STANDARD_LIBRARIES = YES;
				ASSETCATALOG_COMPILER_APPICON_NAME = AppIcon;
				CODE_SIGN_IDENTITY = "iPhone Developer";
				"CODE_SIGN_IDENTITY[sdk=iphoneos*]" = "iPhone Developer";
				DEVELOPMENT_TEAM = 67539GYMXD;
				ENABLE_BITCODE = NO;
				FRAMEWORK_SEARCH_PATHS = (
					"$(inherited)",
					"$(PROJECT_DIR)/../MobileSDK",
					"$(PROJECT_DIR)/../MobileSDK/uiimages.bundle",
				);
				HEADER_SEARCH_PATHS = "$(PROJECT_DIR)/../MobileSDK/MobileSDK.framework/Headers";
				INFOPLIST_FILE = "Mobile Barcode Demo/Info.plist";
				IPHONEOS_DEPLOYMENT_TARGET = 8.0;
				LD_RUNPATH_SEARCH_PATHS = "$(inherited) @executable_path/Frameworks";
				PRODUCT_BUNDLE_IDENTIFIER = "com.Michael-Chernikov.TestApp2";
				PRODUCT_NAME = "$(TARGET_NAME)";
				PROVISIONING_PROFILE = "145438e3-93b6-4526-992e-e1b015de5147";
				PROVISIONING_PROFILE_SPECIFIER = "TestApp 2 Dev Profile";
				SWIFT_OBJC_BRIDGING_HEADER = "$(PROJECT_DIR)/Mobile-Barcode-Demo-Bridging-Header.h";
				SWIFT_VERSION = 4.0;
			};
			name = Debug;
		};
		B208E28A1CEF3BEB0053F137 /* Release */ = {
			isa = XCBuildConfiguration;
			buildSettings = {
				ALWAYS_EMBED_SWIFT_STANDARD_LIBRARIES = YES;
				ASSETCATALOG_COMPILER_APPICON_NAME = AppIcon;
				CODE_SIGN_IDENTITY = "iPhone Developer";
				"CODE_SIGN_IDENTITY[sdk=iphoneos*]" = "iPhone Distribution";
				DEVELOPMENT_TEAM = 67539GYMXD;
				ENABLE_BITCODE = NO;
				FRAMEWORK_SEARCH_PATHS = (
					"$(inherited)",
					"$(PROJECT_DIR)/../MobileSDK",
					"$(PROJECT_DIR)/../MobileSDK/uiimages.bundle",
				);
				HEADER_SEARCH_PATHS = "$(PROJECT_DIR)/../MobileSDK/MobileSDK.framework/Headers";
				INFOPLIST_FILE = "Mobile Barcode Demo/Info.plist";
				IPHONEOS_DEPLOYMENT_TARGET = 8.0;
				LD_RUNPATH_SEARCH_PATHS = "$(inherited) @executable_path/Frameworks";
				PRODUCT_BUNDLE_IDENTIFIER = "com.Michael-Chernikov.TestApp2";
				PRODUCT_NAME = "$(TARGET_NAME)";
				PROVISIONING_PROFILE = "79c15082-e878-4342-be76-d62fffc0bfa1";
				PROVISIONING_PROFILE_SPECIFIER = "Test App 2 Distribution Profile";
				SWIFT_OBJC_BRIDGING_HEADER = "$(PROJECT_DIR)/Mobile-Barcode-Demo-Bridging-Header.h";
				SWIFT_VERSION = 4.0;
			};
			name = Release;
		};
/* End XCBuildConfiguration section */

/* Begin XCConfigurationList section */
		B208E25B1CEF3BEB0053F137 /* Build configuration list for PBXProject "Mobile Barcode Demo" */ = {
			isa = XCConfigurationList;
			buildConfigurations = (
				B208E2861CEF3BEB0053F137 /* Debug */,
				B208E2871CEF3BEB0053F137 /* Release */,
			);
			defaultConfigurationIsVisible = 0;
			defaultConfigurationName = Release;
		};
		B208E2881CEF3BEB0053F137 /* Build configuration list for PBXNativeTarget "Mobile Barcode Demo" */ = {
			isa = XCConfigurationList;
			buildConfigurations = (
				B208E2891CEF3BEB0053F137 /* Debug */,
				B208E28A1CEF3BEB0053F137 /* Release */,
			);
			defaultConfigurationIsVisible = 0;
			defaultConfigurationName = Release;
		};
/* End XCConfigurationList section */
	};
	rootObject = B208E2581CEF3BEB0053F137 /* Project object */;
}
